
Microsoft Visual Studio Solution File, Format Version 12.00
# Visual Studio Version 17
VisualStudioVersion = 17.8.34330.188
MinimumVisualStudioVersion = 10.0.40219.1
Project("{FAE04EC0-301F-11D3-BF4B-00C04F79EFBC}") = "Opus_Fahim", "Opus_Fahim\Opus_Fahim.csproj", "{BB6AA71D-05AA-4AD0-AE53-8776915DD658}"
EndProject
Global
	GlobalSection(SolutionConfigurationPlatforms) = preSolution
		Debug|Any CPU = Debug|Any CPU
		Release|Any CPU = Release|Any CPU
	EndGlobalSection
	GlobalSection(ProjectConfigurationPlatforms) = postSolution
		{BB6AA71D-05AA-4AD0-AE53-8776915DD658}.Debug|Any CPU.ActiveCfg = Debug|Any CPU
		{BB6AA71D-05AA-4AD0-AE53-8776915DD658}.Debug|Any CPU.Build.0 = Debug|Any CPU
		{BB6AA71D-05AA-4AD0-AE53-8776915DD658}.Release|Any CPU.ActiveCfg = Release|Any CPU
		{BB6AA71D-05AA-4AD0-AE53-8776915DD658}.Release|Any CPU.Build.0 = Release|Any CPU
	EndGlobalSection
	GlobalSection(SolutionProperties) = preSolution
		HideSolutionNode = FALSE
	EndGlobalSection
	GlobalSection(ExtensibilityGlobals) = postSolution
		SolutionGuid = {2F4F5ED6-50DB-4891-A9ED-B1AA5FD30546}
	EndGlobalSection
EndGlobal
